
Microsoft Visual Studio Solution File, Format Version 12.00
# Visual Studio 15
VisualStudioVersion = 15.0.27004.2009
MinimumVisualStudioVersion = 10.0.40219.1
Project("{FAE04EC0-301F-11D3-BF4B-00C04F79EFBC}") = "FastFileReader", "FastFileReader\FastFileReader.csproj", "{5BA5D096-80EF-44E5-A7C9-9DE47174976D}"
EndProject
Project("{FAE04EC0-301F-11D3-BF4B-00C04F79EFBC}") = "FastFileReaderTests", "FastFileReaderTests\FastFileReaderTests.csproj", "{94758ECC-E728-4FE7-BEC9-984C5DCC1CA9}"
EndProject
Project("{FAE04EC0-301F-11D3-BF4B-00C04F79EFBC}") = "UnitTests", "UnitTests\UnitTests.csproj", "{E47D08CD-E8A3-48C5-84E8-E21E16CF9D7C}"
EndProject
Project("{FAE04EC0-301F-11D3-BF4B-00C04F79EFBC}") = "VisuPrototype", "VisuPrototype\VisuPrototype.csproj", "{D71672EE-AB1F-4847-AAA8-3475B2ED7BEF}"
EndProject
Project("{FAE04EC0-301F-11D3-BF4B-00C04F79EFBC}") = "ScintillaTests", "ScintillaTests\ScintillaTests.csproj", "{384C3C83-3D19-4737-840B-C62BC9B55A82}"
EndProject
Project("{FAE04EC0-301F-11D3-BF4B-00C04F79EFBC}") = "ScintillaScrollTest", "ScintillaScrollTest\ScintillaScrollTest.csproj", "{8F98386E-1DE7-4EE8-96D2-B6E97B0CDAA4}"
EndProject
Project("{FAE04EC0-301F-11D3-BF4B-00C04F79EFBC}") = "STextViewControl", "STextViewControl\STextViewControl.csproj", "{D0E4199D-C37D-4615-B2A0-8D6BED761AEF}"
EndProject
Project("{FAE04EC0-301F-11D3-BF4B-00C04F79EFBC}") = "STextViewScrollTest", "STextViewScrollTest\STextViewScrollTest.csproj", "{40622C11-9269-4582-AA4F-E0A770CF2165}"
EndProject
Global
	GlobalSection(SolutionConfigurationPlatforms) = preSolution
		Debug|Any CPU = Debug|Any CPU
		Release|Any CPU = Release|Any CPU
	EndGlobalSection
	GlobalSection(ProjectConfigurationPlatforms) = postSolution
		{5BA5D096-80EF-44E5-A7C9-9DE47174976D}.Debug|Any CPU.ActiveCfg = Debug|Any CPU
		{5BA5D096-80EF-44E5-A7C9-9DE47174976D}.Debug|Any CPU.Build.0 = Debug|Any CPU
		{5BA5D096-80EF-44E5-A7C9-9DE47174976D}.Release|Any CPU.ActiveCfg = Release|Any CPU
		{5BA5D096-80EF-44E5-A7C9-9DE47174976D}.Release|Any CPU.Build.0 = Release|Any CPU
		{94758ECC-E728-4FE7-BEC9-984C5DCC1CA9}.Debug|Any CPU.ActiveCfg = Debug|Any CPU
		{94758ECC-E728-4FE7-BEC9-984C5DCC1CA9}.Debug|Any CPU.Build.0 = Debug|Any CPU
		{94758ECC-E728-4FE7-BEC9-984C5DCC1CA9}.Release|Any CPU.ActiveCfg = Release|Any CPU
		{94758ECC-E728-4FE7-BEC9-984C5DCC1CA9}.Release|Any CPU.Build.0 = Release|Any CPU
		{E47D08CD-E8A3-48C5-84E8-E21E16CF9D7C}.Debug|Any CPU.ActiveCfg = Debug|Any CPU
		{E47D08CD-E8A3-48C5-84E8-E21E16CF9D7C}.Debug|Any CPU.Build.0 = Debug|Any CPU
		{E47D08CD-E8A3-48C5-84E8-E21E16CF9D7C}.Release|Any CPU.ActiveCfg = Release|Any CPU
		{E47D08CD-E8A3-48C5-84E8-E21E16CF9D7C}.Release|Any CPU.Build.0 = Release|Any CPU
		{D71672EE-AB1F-4847-AAA8-3475B2ED7BEF}.Debug|Any CPU.ActiveCfg = Debug|Any CPU
		{D71672EE-AB1F-4847-AAA8-3475B2ED7BEF}.Debug|Any CPU.Build.0 = Debug|Any CPU
		{D71672EE-AB1F-4847-AAA8-3475B2ED7BEF}.Release|Any CPU.ActiveCfg = Release|Any CPU
		{D71672EE-AB1F-4847-AAA8-3475B2ED7BEF}.Release|Any CPU.Build.0 = Release|Any CPU
		{384C3C83-3D19-4737-840B-C62BC9B55A82}.Debug|Any CPU.ActiveCfg = Debug|Any CPU
		{384C3C83-3D19-4737-840B-C62BC9B55A82}.Debug|Any CPU.Build.0 = Debug|Any CPU
		{384C3C83-3D19-4737-840B-C62BC9B55A82}.Release|Any CPU.ActiveCfg = Release|Any CPU
		{384C3C83-3D19-4737-840B-C62BC9B55A82}.Release|Any CPU.Build.0 = Release|Any CPU
		{8F98386E-1DE7-4EE8-96D2-B6E97B0CDAA4}.Debug|Any CPU.ActiveCfg = Debug|Any CPU
		{8F98386E-1DE7-4EE8-96D2-B6E97B0CDAA4}.Debug|Any CPU.Build.0 = Debug|Any CPU
		{8F98386E-1DE7-4EE8-96D2-B6E97B0CDAA4}.Release|Any CPU.ActiveCfg = Release|Any CPU
		{8F98386E-1DE7-4EE8-96D2-B6E97B0CDAA4}.Release|Any CPU.Build.0 = Release|Any CPU
		{D0E4199D-C37D-4615-B2A0-8D6BED761AEF}.Debug|Any CPU.ActiveCfg = Debug|Any CPU
		{D0E4199D-C37D-4615-B2A0-8D6BED761AEF}.Debug|Any CPU.Build.0 = Debug|Any CPU
		{D0E4199D-C37D-4615-B2A0-8D6BED761AEF}.Release|Any CPU.ActiveCfg = Release|Any CPU
		{D0E4199D-C37D-4615-B2A0-8D6BED761AEF}.Release|Any CPU.Build.0 = Release|Any CPU
		{40622C11-9269-4582-AA4F-E0A770CF2165}.Debug|Any CPU.ActiveCfg = Debug|Any CPU
		{40622C11-9269-4582-AA4F-E0A770CF2165}.Debug|Any CPU.Build.0 = Debug|Any CPU
		{40622C11-9269-4582-AA4F-E0A770CF2165}.Release|Any CPU.ActiveCfg = Release|Any CPU
		{40622C11-9269-4582-AA4F-E0A770CF2165}.Release|Any CPU.Build.0 = Release|Any CPU
	EndGlobalSection
	GlobalSection(SolutionProperties) = preSolution
		HideSolutionNode = FALSE
	EndGlobalSection
	GlobalSection(ExtensibilityGlobals) = postSolution
		SolutionGuid = {D6B76841-4E0A-4610-A9DF-36903BEFAC01}
	EndGlobalSection
	GlobalSection(Performance) = preSolution
		HasPerformanceSessions = true
	EndGlobalSection
	GlobalSection(Performance) = preSolution
		HasPerformanceSessions = true
	EndGlobalSection
	GlobalSection(Performance) = preSolution
		HasPerformanceSessions = true
	EndGlobalSection
	GlobalSection(Performance) = preSolution
		HasPerformanceSessions = true
	EndGlobalSection
	GlobalSection(Performance) = preSolution
		HasPerformanceSessions = true
	EndGlobalSection
EndGlobal
